
Microsoft Visual Studio Solution File, Format Version 12.00
# Visual Studio Version 17
VisualStudioVersion = 17.9.34714.143
MinimumVisualStudioVersion = 10.0.40219.1
Project("{9A19103F-16F7-4668-BE54-9A1E7A4F7556}") = "ZXingMauiNativeEmbedding.Droid", "ZXingMauiNativeEmbedding.Droid\ZXingMauiNativeEmbedding.Droid.csproj", "{C51C329E-57B7-41A7-8C36-1A84B1526CCC}"
EndProject
Global
	GlobalSection(SolutionConfigurationPlatforms) = preSolution
		Debug|Any CPU = Debug|Any CPU
		Release|Any CPU = Release|Any CPU
	EndGlobalSection
	GlobalSection(ProjectConfigurationPlatforms) = postSolution
		{C51C329E-57B7-41A7-8C36-1A84B1526CCC}.Debug|Any CPU.ActiveCfg = Debug|Any CPU
		{C51C329E-57B7-41A7-8C36-1A84B1526CCC}.Debug|Any CPU.Build.0 = Debug|Any CPU
		{C51C329E-57B7-41A7-8C36-1A84B1526CCC}.Debug|Any CPU.Deploy.0 = Debug|Any CPU
		{C51C329E-57B7-41A7-8C36-1A84B1526CCC}.Release|Any CPU.ActiveCfg = Release|Any CPU
		{C51C329E-57B7-41A7-8C36-1A84B1526CCC}.Release|Any CPU.Build.0 = Release|Any CPU
	EndGlobalSection
	GlobalSection(SolutionProperties) = preSolution
		HideSolutionNode = FALSE
	EndGlobalSection
	GlobalSection(ExtensibilityGlobals) = postSolution
		SolutionGuid = {146D080C-35E5-49F8-A784-8EAD5DA25B41}
	EndGlobalSection
EndGlobal
